// 4.32(Sides of a triangle).cpp : 此文件包含 "main" 函数。程序执行将在此处开始并结束。
//判断三条边是否能构成一个三角形
#include <iostream>
using namespace std;

double Triangle(double a, double b, double c);
double Right_Triangle(double a, double b, double c);

int main()
{
    double a, b, c;
    
    cout << "Enter the sides of a triangle: ";
    cin >> a >> b >> c;

    Triangle(a, b, c);
    Right_Triangle(a, b, c);
    
}

double Triangle(double a, double b, double c)
{
    bool i = 0;
    if ((a+b>c)&&(a+c>b)&&(b+c>a))
       i = 1;
    else
       i = 0;

    if (i == 1)
        cout << "This is a Triangle." << endl;
    else
        cout << "This isn't a Triangle." << endl;
    return 0;
    cout << endl;
}
double Right_Triangle(double a, double b, double c)
{
    bool j = 0;
    if ((a * a == b * b + c * c) || (b * b == a * a + c * c) || (c * c == a * a + b * b))
        j = 1;
    else
        j = 0;

    if (j == 1)
        cout << "\nThis is a Right Triangle." << endl;
    else
        cout << "\nThis isn't a Right Triangle." << endl;
    return 0;
    cout << endl;
}
